{
  "lockfileVersion": 1,
  "configVersion": 1,
  "workspaces": {
    "": {
      "name": "gotty-js",
      "dependencies": {
        "@xterm/addon-fit": "^0.10.0",
        "@xterm/xterm": "^5.5.0",
        "libapps": "github:yudai/libapps#release-hterm-1.75",
      },
      "devDependencies": {
        "typescript": "^4.2.3",
      },
    },
  },
  "packages": {
    "@xterm/addon-fit": ["@xterm/addon-fit@0.10.0", "", { "peerDependencies": { "@xterm/xterm": "^5.0.0" } }, "sha512-UFYkDm4HUahf2lnEyHvio51TNGiLK66mqP2JoATy7hRZeXaGMRDr00JiSF7m63vR5WKATF605yEggJKsw0JpMQ=="],

    "@xterm/xterm": ["@xterm/xterm@5.5.0", "", {}, "sha512-hqJHYaQb5OptNunnyAnkHyM8aCjZ1MEIDTQu1iIbbTD/xops91NB5yq1ZK/dC2JDbVWtF23zUtl9JE2NqwT87A=="],

    "libapps": ["libapps@github:yudai/libapps#18b92f2", {}, "yudai-libapps-18b92f2"],

    "typescript": ["typescript@4.9.5", "", { "bin": { "tsc": "bin/tsc", "tsserver": "bin/tsserver" } }, "sha512-1FXk9E2Hm+QzZQ7z+McJiHL4NW1F2EzMu9Nq9i3zAaGqibafqYwCVU6WyWAuyQRRzOlxou8xZSyXLEN8oKj24g=="],
  }
}
